// !$*UTF8*$!
{
	archiveVersion = 1;
	classes = {
	};
	objectVersion = 77;
	objects = {

/* Begin PBXBuildFile section */
		07A08D102E917C03009FD1E1 /* WidgetKit.framework in Frameworks */ = {isa = PBXBuildFile; fileRef = 07A08D0F2E917C03009FD1E1 /* WidgetKit.framework */; };
		07A08D122E917C03009FD1E1 /* SwiftUI.framework in Frameworks */ = {isa = PBXBuildFile; fileRef = 07A08D112E917C03009FD1E1 /* SwiftUI.framework */; };
		07A08D232E917C04009FD1E1 /* BooksTrackerWidgetsExtension.appex in Embed Foundation Extensions */ = {isa = PBXBuildFile; fileRef = 07A08D0E2E917C03009FD1E1 /* BooksTrackerWidgetsExtension.appex */; settings = {ATTRIBUTES = (RemoveHeadersOnCopy, ); }; };
		07A08D2A2E917D00009FD1E1 /* BooksTrackerFeature in Frameworks */ = {isa = PBXBuildFile; productRef = 07A08D292E917D00009FD1E1 /* BooksTrackerFeature */; };
		07C9A7E42E934E7C006DB571 /* ActivityKit.framework in Frameworks */ = {isa = PBXBuildFile; fileRef = 07C9A7E32E934E7C006DB571 /* ActivityKit.framework */; };
		07C9A7E72E9350C0006DB571 /* ActivityKit.framework in Frameworks */ = {isa = PBXBuildFile; fileRef = 07C9A7E32E934E7C006DB571 /* ActivityKit.framework */; };
		07C9A7E82E9350CA006DB571 /* SwiftUI.framework in Frameworks */ = {isa = PBXBuildFile; fileRef = 07A08D112E917C03009FD1E1 /* SwiftUI.framework */; };
		07C9A7E92E9350DA006DB571 /* WidgetKit.framework in Frameworks */ = {isa = PBXBuildFile; fileRef = 07A08D0F2E917C03009FD1E1 /* WidgetKit.framework */; };
		8B41F6832DEDD23B001A66F9 /* BooksTrackerFeature in Frameworks */ = {isa = PBXBuildFile; productRef = 8B41F6822DEDD23B001A66F9 /* BooksTrackerFeature */; };
		8B41F6852DEDD25C001A66F9 /* BooksTrackerFeature in Frameworks */ = {isa = PBXBuildFile; productRef = 8B41F6842DEDD25C001A66F9 /* BooksTrackerFeature */; };
/* End PBXBuildFile section */

/* Begin PBXContainerItemProxy section */
		07A08D212E917C04009FD1E1 /* PBXContainerItemProxy */ = {
			isa = PBXContainerItemProxy;
			containerPortal = 8B41F63D2DEDD0D5001A66F9 /* Project object */;
			proxyType = 1;
			remoteGlobalIDString = 07A08D0D2E917C03009FD1E1;
			remoteInfo = BooksTrackerWidgetsExtension;
		};
		07C9A7E52E935074006DB571 /* PBXContainerItemProxy */ = {
			isa = PBXContainerItemProxy;
			containerPortal = 8B41F63D2DEDD0D5001A66F9 /* Project object */;
			proxyType = 1;
			remoteGlobalIDString = 07A08D0D2E917C03009FD1E1;
			remoteInfo = BooksTrackerWidgetsExtension;
		};
		8B41F65D2DEDD0D6001A66F9 /* PBXContainerItemProxy */ = {
			isa = PBXContainerItemProxy;
			containerPortal = 8B41F63D2DEDD0D5001A66F9 /* Project object */;
			proxyType = 1;
			remoteGlobalIDString = 8B41F6442DEDD0D5001A66F9;
			remoteInfo = BooksTracker;
		};
/* End PBXContainerItemProxy section */

/* Begin PBXCopyFilesBuildPhase section */
		07A08D242E917C04009FD1E1 /* Embed Foundation Extensions */ = {
			isa = PBXCopyFilesBuildPhase;
			buildActionMask = 2147483647;
			dstPath = "";
			dstSubfolderSpec = 13;
			files = (
				07A08D232E917C04009FD1E1 /* BooksTrackerWidgetsExtension.appex in Embed Foundation Extensions */,
			);
			name = "Embed Foundation Extensions";
			runOnlyForDeploymentPostprocessing = 0;
		};
/* End PBXCopyFilesBuildPhase section */

/* Begin PBXFileReference section */
		072C7B9D2E849083002397B5 /* BooksTrackerPackage */ = {isa = PBXFileReference; lastKnownFileType = wrapper; path = BooksTrackerPackage; sourceTree = "<group>"; };
		07A08D0E2E917C03009FD1E1 /* BooksTrackerWidgetsExtension.appex */ = {isa = PBXFileReference; explicitFileType = "wrapper.app-extension"; includeInIndex = 0; path = BooksTrackerWidgetsExtension.appex; sourceTree = BUILT_PRODUCTS_DIR; };
		07A08D0F2E917C03009FD1E1 /* WidgetKit.framework */ = {isa = PBXFileReference; lastKnownFileType = wrapper.framework; name = WidgetKit.framework; path = System/Library/Frameworks/WidgetKit.framework; sourceTree = SDKROOT; };
		07A08D112E917C03009FD1E1 /* SwiftUI.framework */ = {isa = PBXFileReference; lastKnownFileType = wrapper.framework; name = SwiftUI.framework; path = System/Library/Frameworks/SwiftUI.framework; sourceTree = SDKROOT; };
		07C9A7E32E934E7C006DB571 /* ActivityKit.framework */ = {isa = PBXFileReference; lastKnownFileType = wrapper.framework; name = ActivityKit.framework; path = System/Library/Frameworks/ActivityKit.framework; sourceTree = SDKROOT; };
		8B41F6452DEDD0D5001A66F9 /* BooksTracker.app */ = {isa = PBXFileReference; explicitFileType = wrapper.application; includeInIndex = 0; path = BooksTracker.app; sourceTree = BUILT_PRODUCTS_DIR; };
		8B41F65C2DEDD0D6001A66F9 /* BooksTracker.xctest */ = {isa = PBXFileReference; explicitFileType = wrapper.cfbundle; includeInIndex = 0; path = BooksTracker.xctest; sourceTree = BUILT_PRODUCTS_DIR; };
/* End PBXFileReference section */

/* Begin PBXFileSystemSynchronizedBuildFileExceptionSet section */
		07A08D282E917C04009FD1E1 /* Exceptions for "BooksTrackerWidgets" folder in "BooksTrackerWidgetsExtension" target */ = {
			isa = PBXFileSystemSynchronizedBuildFileExceptionSet;
			membershipExceptions = (
				Info.plist,
			);
			target = 07A08D0D2E917C03009FD1E1 /* BooksTrackerWidgetsExtension */;
		};
		8BD71C0A2DEE41E000CEDD92 /* Exceptions for "Config" folder in "BooksTracker" target */ = {
			isa = PBXFileSystemSynchronizedBuildFileExceptionSet;
			membershipExceptions = (
				Debug.xcconfig,
				Release.xcconfig,
				Shared.xcconfig,
				Tests.xcconfig,
			);
			target = 8B41F6442DEDD0D5001A66F9 /* BooksTracker */;
		};
/* End PBXFileSystemSynchronizedBuildFileExceptionSet section */

/* Begin PBXFileSystemSynchronizedRootGroup section */
		07A08D132E917C03009FD1E1 /* BooksTrackerWidgets */ = {
			isa = PBXFileSystemSynchronizedRootGroup;
			exceptions = (
				07A08D282E917C04009FD1E1 /* Exceptions for "BooksTrackerWidgets" folder in "BooksTrackerWidgetsExtension" target */,
			);
			path = BooksTrackerWidgets;
			sourceTree = "<group>";
		};
		8B41F6472DEDD0D5001A66F9 /* BooksTracker */ = {
			isa = PBXFileSystemSynchronizedRootGroup;
			path = BooksTracker;
			sourceTree = "<group>";
		};
		8B41F65F2DEDD0D6001A66F9 /* BooksTrackerUITests */ = {
			isa = PBXFileSystemSynchronizedRootGroup;
			path = BooksTrackerUITests;
			sourceTree = "<group>";
		};
		8BD71C052DEE41D800CEDD92 /* Config */ = {
			isa = PBXFileSystemSynchronizedRootGroup;
			exceptions = (
				8BD71C0A2DEE41E000CEDD92 /* Exceptions for "Config" folder in "BooksTracker" target */,
			);
			path = Config;
			sourceTree = "<group>";
		};
/* End PBXFileSystemSynchronizedRootGroup section */

/* Begin PBXFrameworksBuildPhase section */
		07A08D0B2E917C03009FD1E1 /* Frameworks */ = {
			isa = PBXFrameworksBuildPhase;
			buildActionMask = 2147483647;
			files = (
				07A08D2A2E917D00009FD1E1 /* BooksTrackerFeature in Frameworks */,
				07A08D122E917C03009FD1E1 /* SwiftUI.framework in Frameworks */,
				07C9A7E42E934E7C006DB571 /* ActivityKit.framework in Frameworks */,
				07A08D102E917C03009FD1E1 /* WidgetKit.framework in Frameworks */,
			);
			runOnlyForDeploymentPostprocessing = 0;
		};
		8B41F6422DEDD0D5001A66F9 /* Frameworks */ = {
			isa = PBXFrameworksBuildPhase;
			buildActionMask = 2147483647;
			files = (
				07C9A7E72E9350C0006DB571 /* ActivityKit.framework in Frameworks */,
				07C9A7E82E9350CA006DB571 /* SwiftUI.framework in Frameworks */,
				8B41F6852DEDD25C001A66F9 /* BooksTrackerFeature in Frameworks */,
				07C9A7E92E9350DA006DB571 /* WidgetKit.framework in Frameworks */,
			);
			runOnlyForDeploymentPostprocessing = 0;
		};
		8B41F6592DEDD0D6001A66F9 /* Frameworks */ = {
			isa = PBXFrameworksBuildPhase;
			buildActionMask = 2147483647;
			files = (
				8B41F6832DEDD23B001A66F9 /* BooksTrackerFeature in Frameworks */,
			);
			runOnlyForDeploymentPostprocessing = 0;
		};
/* End PBXFrameworksBuildPhase section */

/* Begin PBXGroup section */
		8B41F63C2DEDD0D5001A66F9 = {
			isa = PBXGroup;
			children = (
				8BD71C052DEE41D800CEDD92 /* Config */,
				8B41F6472DEDD0D5001A66F9 /* BooksTracker */,
				8B41F65F2DEDD0D6001A66F9 /* BooksTrackerUITests */,
				07A08D132E917C03009FD1E1 /* BooksTrackerWidgets */,
				8B41F6812DEDD23B001A66F9 /* Frameworks */,
				8B41F6462DEDD0D5001A66F9 /* Products */,
			);
			sourceTree = "<group>";
		};
		8B41F6462DEDD0D5001A66F9 /* Products */ = {
			isa = PBXGroup;
			children = (
				8B41F6452DEDD0D5001A66F9 /* BooksTracker.app */,
				8B41F65C2DEDD0D6001A66F9 /* BooksTracker.xctest */,
				07A08D0E2E917C03009FD1E1 /* BooksTrackerWidgetsExtension.appex */,
			);
			name = Products;
			sourceTree = "<group>";
		};
		8B41F6812DEDD23B001A66F9 /* Frameworks */ = {
			isa = PBXGroup;
			children = (
				07C9A7E32E934E7C006DB571 /* ActivityKit.framework */,
				072C7B9D2E849083002397B5 /* BooksTrackerPackage */,
				07A08D0F2E917C03009FD1E1 /* WidgetKit.framework */,
				07A08D112E917C03009FD1E1 /* SwiftUI.framework */,
			);
			name = Frameworks;
			sourceTree = "<group>";
		};
/* End PBXGroup section */

/* Begin PBXNativeTarget section */
		07A08D0D2E917C03009FD1E1 /* BooksTrackerWidgetsExtension */ = {
			isa = PBXNativeTarget;
			buildConfigurationList = 07A08D272E917C04009FD1E1 /* Build configuration list for PBXNativeTarget "BooksTrackerWidgetsExtension" */;
			buildPhases = (
				07A08D0A2E917C03009FD1E1 /* Sources */,
				07A08D0B2E917C03009FD1E1 /* Frameworks */,
				07A08D0C2E917C03009FD1E1 /* Resources */,
			);
			buildRules = (
			);
			dependencies = (
			);
			fileSystemSynchronizedGroups = (
				07A08D132E917C03009FD1E1 /* BooksTrackerWidgets */,
			);
			name = BooksTrackerWidgetsExtension;
			packageProductDependencies = (
				07A08D292E917D00009FD1E1 /* BooksTrackerFeature */,
			);
			productName = BooksTrackerWidgetsExtension;
			productReference = 07A08D0E2E917C03009FD1E1 /* BooksTrackerWidgetsExtension.appex */;
			productType = "com.apple.product-type.app-extension";
		};
		8B41F6442DEDD0D5001A66F9 /* BooksTracker */ = {
			isa = PBXNativeTarget;
			buildConfigurationList = 8B41F6662DEDD0D6001A66F9 /* Build configuration list for PBXNativeTarget "BooksTracker" */;
			buildPhases = (
				8B41F6412DEDD0D5001A66F9 /* Sources */,
				8B41F6422DEDD0D5001A66F9 /* Frameworks */,
				8B41F6432DEDD0D5001A66F9 /* Resources */,
				07A08D242E917C04009FD1E1 /* Embed Foundation Extensions */,
			);
			buildRules = (
			);
			dependencies = (
				07A08D222E917C04009FD1E1 /* PBXTargetDependency */,
				07C9A7E62E935074006DB571 /* PBXTargetDependency */,
			);
			fileSystemSynchronizedGroups = (
				8B41F6472DEDD0D5001A66F9 /* BooksTracker */,
				8BD71C052DEE41D800CEDD92 /* Config */,
			);
			name = BooksTracker;
			packageProductDependencies = (
				8B41F6842DEDD25C001A66F9 /* BooksTrackerFeature */,
			);
			productName = BooksTracker;
			productReference = 8B41F6452DEDD0D5001A66F9 /* BooksTracker.app */;
			productType = "com.apple.product-type.application";
		};
		8B41F65B2DEDD0D6001A66F9 /* BooksTrackerUITests */ = {
			isa = PBXNativeTarget;
			buildConfigurationList = 8B41F66C2DEDD0D6001A66F9 /* Build configuration list for PBXNativeTarget "BooksTrackerUITests" */;
			buildPhases = (
				8B41F6582DEDD0D6001A66F9 /* Sources */,
				8B41F6592DEDD0D6001A66F9 /* Frameworks */,
				8B41F65A2DEDD0D6001A66F9 /* Resources */,
			);
			buildRules = (
			);
			dependencies = (
				8B41F65E2DEDD0D6001A66F9 /* PBXTargetDependency */,
			);
			fileSystemSynchronizedGroups = (
				8B41F65F2DEDD0D6001A66F9 /* BooksTrackerUITests */,
			);
			name = BooksTrackerUITests;
			packageProductDependencies = (
				8B41F6822DEDD23B001A66F9 /* BooksTrackerFeature */,
			);
			productName = BooksTrackerUITests;
			productReference = 8B41F65C2DEDD0D6001A66F9 /* BooksTracker.xctest */;
			productType = "com.apple.product-type.bundle.ui-testing";
		};
/* End PBXNativeTarget section */

/* Begin PBXProject section */
		8B41F63D2DEDD0D5001A66F9 /* Project object */ = {
			isa = PBXProject;
			attributes = {
				BuildIndependentTargetsInParallel = 1;
				LastSwiftUpdateCheck = 2600;
				LastUpgradeCheck = 2600;
				TargetAttributes = {
					07A08D0D2E917C03009FD1E1 = {
						CreatedOnToolsVersion = 26.0;
					};
					8B41F6442DEDD0D5001A66F9 = {
						CreatedOnToolsVersion = 16.3;
					};
					8B41F65B2DEDD0D6001A66F9 = {
						CreatedOnToolsVersion = 16.3;
						TestTargetID = 8B41F6442DEDD0D5001A66F9;
					};
				};
			};
			buildConfigurationList = 8B41F6402DEDD0D5001A66F9 /* Build configuration list for PBXProject "BooksTracker" */;
			developmentRegion = en;
			hasScannedForEncodings = 0;
			knownRegions = (
				en,
				Base,
			);
			mainGroup = 8B41F63C2DEDD0D5001A66F9;
			minimizedProjectReferenceProxies = 1;
			preferredProjectObjectVersion = 77;
			productRefGroup = 8B41F6462DEDD0D5001A66F9 /* Products */;
			projectDirPath = "";
			projectRoot = "";
			targets = (
				8B41F6442DEDD0D5001A66F9 /* BooksTracker */,
				8B41F65B2DEDD0D6001A66F9 /* BooksTrackerUITests */,
				07A08D0D2E917C03009FD1E1 /* BooksTrackerWidgetsExtension */,
			);
		};
/* End PBXProject section */

/* Begin PBXResourcesBuildPhase section */
		07A08D0C2E917C03009FD1E1 /* Resources */ = {
			isa = PBXResourcesBuildPhase;
			buildActionMask = 2147483647;
			files = (
			);
			runOnlyForDeploymentPostprocessing = 0;
		};
		8B41F6432DEDD0D5001A66F9 /* Resources */ = {
			isa = PBXResourcesBuildPhase;
			buildActionMask = 2147483647;
			files = (
			);
			runOnlyForDeploymentPostprocessing = 0;
		};
		8B41F65A2DEDD0D6001A66F9 /* Resources */ = {
			isa = PBXResourcesBuildPhase;
			buildActionMask = 2147483647;
			files = (
			);
			runOnlyForDeploymentPostprocessing = 0;
		};
/* End PBXResourcesBuildPhase section */

/* Begin PBXSourcesBuildPhase section */
		07A08D0A2E917C03009FD1E1 /* Sources */ = {
			isa = PBXSourcesBuildPhase;
			buildActionMask = 2147483647;
			files = (
			);
			runOnlyForDeploymentPostprocessing = 0;
		};
		8B41F6412DEDD0D5001A66F9 /* Sources */ = {
			isa = PBXSourcesBuildPhase;
			buildActionMask = 2147483647;
			files = (
			);
			runOnlyForDeploymentPostprocessing = 0;
		};
		8B41F6582DEDD0D6001A66F9 /* Sources */ = {
			isa = PBXSourcesBuildPhase;
			buildActionMask = 2147483647;
			files = (
			);
			runOnlyForDeploymentPostprocessing = 0;
		};
/* End PBXSourcesBuildPhase section */

/* Begin PBXTargetDependency section */
		07A08D222E917C04009FD1E1 /* PBXTargetDependency */ = {
			isa = PBXTargetDependency;
			target = 07A08D0D2E917C03009FD1E1 /* BooksTrackerWidgetsExtension */;
			targetProxy = 07A08D212E917C04009FD1E1 /* PBXContainerItemProxy */;
		};
		07C9A7E62E935074006DB571 /* PBXTargetDependency */ = {
			isa = PBXTargetDependency;
			target = 07A08D0D2E917C03009FD1E1 /* BooksTrackerWidgetsExtension */;
			targetProxy = 07C9A7E52E935074006DB571 /* PBXContainerItemProxy */;
		};
		8B41F65E2DEDD0D6001A66F9 /* PBXTargetDependency */ = {
			isa = PBXTargetDependency;
			target = 8B41F6442DEDD0D5001A66F9 /* BooksTracker */;
			targetProxy = 8B41F65D2DEDD0D6001A66F9 /* PBXContainerItemProxy */;
		};
/* End PBXTargetDependency section */

/* Begin XCBuildConfiguration section */
		07A08D252E917C04009FD1E1 /* Debug */ = {
			isa = XCBuildConfiguration;
			buildSettings = {
				ASSETCATALOG_COMPILER_GLOBAL_ACCENT_COLOR_NAME = AccentColor;
				ASSETCATALOG_COMPILER_WIDGET_BACKGROUND_COLOR_NAME = WidgetBackground;
				CODE_SIGN_IDENTITY = "Apple Development";
				CODE_SIGN_STYLE = Automatic;
				CURRENT_PROJECT_VERSION = 189;
				DEVELOPMENT_TEAM = 8Z67H8Y8DW;
				GENERATE_INFOPLIST_FILE = YES;
				INFOPLIST_FILE = BooksTrackerWidgets/Info.plist;
				INFOPLIST_KEY_CFBundleDisplayName = BooksTrackerWidgets;
				INFOPLIST_KEY_NSHumanReadableCopyright = "";
				IPHONEOS_DEPLOYMENT_TARGET = 26.0;
				LD_RUNPATH_SEARCH_PATHS = (
					"$(inherited)",
					"@executable_path/Frameworks",
					"@executable_path/../../Frameworks",
				);
				MARKETING_VERSION = 3.7.5;
				PRODUCT_BUNDLE_IDENTIFIER = Z67H8Y8DW.com.oooefam.booksV3.BooksTrackerWidgets;
				PRODUCT_NAME = "$(TARGET_NAME)";
				PROVISIONING_PROFILE_SPECIFIER = "";
				SKIP_INSTALL = YES;
				STRING_CATALOG_GENERATE_SYMBOLS = YES;
				SWIFT_APPROACHABLE_CONCURRENCY = YES;
				SWIFT_EMIT_LOC_STRINGS = YES;
				SWIFT_UPCOMING_FEATURE_MEMBER_IMPORT_VISIBILITY = YES;
				SWIFT_VERSION = 6.0;
				TARGETED_DEVICE_FAMILY = "1,2";
			};
			name = Debug;
		};
		07A08D262E917C04009FD1E1 /* Release */ = {
			isa = XCBuildConfiguration;
			buildSettings = {
				ASSETCATALOG_COMPILER_GLOBAL_ACCENT_COLOR_NAME = AccentColor;
				ASSETCATALOG_COMPILER_WIDGET_BACKGROUND_COLOR_NAME = WidgetBackground;
				CODE_SIGN_IDENTITY = "Apple Development";
				CODE_SIGN_STYLE = Automatic;
				CURRENT_PROJECT_VERSION = 189;
				DEVELOPMENT_TEAM = 8Z67H8Y8DW;
				GENERATE_INFOPLIST_FILE = YES;
				INFOPLIST_FILE = BooksTrackerWidgets/Info.plist;
				INFOPLIST_KEY_CFBundleDisplayName = BooksTrackerWidgets;
				INFOPLIST_KEY_NSHumanReadableCopyright = "";
				IPHONEOS_DEPLOYMENT_TARGET = 26.0;
				LD_RUNPATH_SEARCH_PATHS = (
					"$(inherited)",
					"@executable_path/Frameworks",
					"@executable_path/../../Frameworks",
				);
				MARKETING_VERSION = 3.7.5;
				PRODUCT_BUNDLE_IDENTIFIER = Z67H8Y8DW.com.oooefam.booksV3.BooksTrackerWidgets;
				PRODUCT_NAME = "$(TARGET_NAME)";
				PROVISIONING_PROFILE_SPECIFIER = "";
				SKIP_INSTALL = YES;
				STRING_CATALOG_GENERATE_SYMBOLS = YES;
				SWIFT_APPROACHABLE_CONCURRENCY = YES;
				SWIFT_EMIT_LOC_STRINGS = YES;
				SWIFT_UPCOMING_FEATURE_MEMBER_IMPORT_VISIBILITY = YES;
				SWIFT_VERSION = 6.0;
				TARGETED_DEVICE_FAMILY = "1,2";
			};
			name = Release;
		};
		8B41F6642DEDD0D6001A66F9 /* Debug */ = {
			isa = XCBuildConfiguration;
			buildSettings = {
				ALWAYS_SEARCH_USER_PATHS = NO;
				ASSETCATALOG_COMPILER_GENERATE_SWIFT_ASSET_SYMBOL_EXTENSIONS = YES;
				CLANG_ANALYZER_NONNULL = YES;
				CLANG_ANALYZER_NUMBER_OBJECT_CONVERSION = YES_AGGRESSIVE;
				CLANG_CXX_LANGUAGE_STANDARD = "gnu++20";
				CLANG_ENABLE_MODULES = YES;
				CLANG_ENABLE_OBJC_ARC = YES;
				CLANG_ENABLE_OBJC_WEAK = YES;
				CLANG_WARN_BLOCK_CAPTURE_AUTORELEASING = YES;
				CLANG_WARN_BOOL_CONVERSION = YES;
				CLANG_WARN_COMMA = YES;
				CLANG_WARN_CONSTANT_CONVERSION = YES;
				CLANG_WARN_DEPRECATED_OBJC_IMPLEMENTATIONS = YES;
				CLANG_WARN_DIRECT_OBJC_ISA_USAGE = YES_ERROR;
				CLANG_WARN_DOCUMENTATION_COMMENTS = YES;
				CLANG_WARN_EMPTY_BODY = YES;
				CLANG_WARN_ENUM_CONVERSION = YES;
				CLANG_WARN_INFINITE_RECURSION = YES;
				CLANG_WARN_INT_CONVERSION = YES;
				CLANG_WARN_NON_LITERAL_NULL_CONVERSION = YES;
				CLANG_WARN_OBJC_IMPLICIT_RETAIN_SELF = YES;
				CLANG_WARN_OBJC_LITERAL_CONVERSION = YES;
				CLANG_WARN_OBJC_ROOT_CLASS = YES_ERROR;
				CLANG_WARN_QUOTED_INCLUDE_IN_FRAMEWORK_HEADER = YES;
				CLANG_WARN_RANGE_LOOP_ANALYSIS = YES;
				CLANG_WARN_STRICT_PROTOTYPES = YES;
				CLANG_WARN_SUSPICIOUS_MOVE = YES;
				CLANG_WARN_UNGUARDED_AVAILABILITY = YES_AGGRESSIVE;
				CLANG_WARN_UNREACHABLE_CODE = YES;
				CLANG_WARN__DUPLICATE_METHOD_MATCH = YES;
				COPY_PHASE_STRIP = NO;
				DEBUG_INFORMATION_FORMAT = dwarf;
				ENABLE_STRICT_OBJC_MSGSEND = YES;
				ENABLE_TESTABILITY = YES;
				ENABLE_USER_SCRIPT_SANDBOXING = YES;
				GCC_C_LANGUAGE_STANDARD = gnu17;
				GCC_DYNAMIC_NO_PIC = NO;
				GCC_NO_COMMON_BLOCKS = YES;
				GCC_OPTIMIZATION_LEVEL = 0;
				GCC_PREPROCESSOR_DEFINITIONS = (
					"DEBUG=1",
					"$(inherited)",
				);
				GCC_WARN_64_TO_32_BIT_CONVERSION = YES;
				GCC_WARN_ABOUT_RETURN_TYPE = YES_ERROR;
				GCC_WARN_UNDECLARED_SELECTOR = YES;
				GCC_WARN_UNINITIALIZED_AUTOS = YES_AGGRESSIVE;
				GCC_WARN_UNUSED_FUNCTION = YES;
				GCC_WARN_UNUSED_VARIABLE = YES;
				IPHONEOS_DEPLOYMENT_TARGET = 18.4;
				LOCALIZATION_PREFERS_STRING_CATALOGS = YES;
				MTL_ENABLE_DEBUG_INFO = INCLUDE_SOURCE;
				MTL_FAST_MATH = YES;
				ONLY_ACTIVE_ARCH = YES;
				SDKROOT = iphoneos;
				STRING_CATALOG_GENERATE_SYMBOLS = YES;
				SWIFT_ACTIVE_COMPILATION_CONDITIONS = "DEBUG $(inherited)";
				SWIFT_OPTIMIZATION_LEVEL = "-Onone";
				SWIFT_VERSION = 6.0;
			};
			name = Debug;
		};
		8B41F6652DEDD0D6001A66F9 /* Release */ = {
			isa = XCBuildConfiguration;
			buildSettings = {
				ALWAYS_SEARCH_USER_PATHS = NO;
				ASSETCATALOG_COMPILER_GENERATE_SWIFT_ASSET_SYMBOL_EXTENSIONS = YES;
				CLANG_ANALYZER_NONNULL = YES;
				CLANG_ANALYZER_NUMBER_OBJECT_CONVERSION = YES_AGGRESSIVE;
				CLANG_CXX_LANGUAGE_STANDARD = "gnu++20";
				CLANG_ENABLE_MODULES = YES;
				CLANG_ENABLE_OBJC_ARC = YES;
				CLANG_ENABLE_OBJC_WEAK = YES;
				CLANG_WARN_BLOCK_CAPTURE_AUTORELEASING = YES;
				CLANG_WARN_BOOL_CONVERSION = YES;
				CLANG_WARN_COMMA = YES;
				CLANG_WARN_CONSTANT_CONVERSION = YES;
				CLANG_WARN_DEPRECATED_OBJC_IMPLEMENTATIONS = YES;
				CLANG_WARN_DIRECT_OBJC_ISA_USAGE = YES_ERROR;
				CLANG_WARN_DOCUMENTATION_COMMENTS = YES;
				CLANG_WARN_EMPTY_BODY = YES;
				CLANG_WARN_ENUM_CONVERSION = YES;
				CLANG_WARN_INFINITE_RECURSION = YES;
				CLANG_WARN_INT_CONVERSION = YES;
				CLANG_WARN_NON_LITERAL_NULL_CONVERSION = YES;
				CLANG_WARN_OBJC_IMPLICIT_RETAIN_SELF = YES;
				CLANG_WARN_OBJC_LITERAL_CONVERSION = YES;
				CLANG_WARN_OBJC_ROOT_CLASS = YES_ERROR;
				CLANG_WARN_QUOTED_INCLUDE_IN_FRAMEWORK_HEADER = YES;
				CLANG_WARN_RANGE_LOOP_ANALYSIS = YES;
				CLANG_WARN_STRICT_PROTOTYPES = YES;
				CLANG_WARN_SUSPICIOUS_MOVE = YES;
				CLANG_WARN_UNGUARDED_AVAILABILITY = YES_AGGRESSIVE;
				CLANG_WARN_UNREACHABLE_CODE = YES;
				CLANG_WARN__DUPLICATE_METHOD_MATCH = YES;
				COPY_PHASE_STRIP = NO;
				DEBUG_INFORMATION_FORMAT = "dwarf-with-dsym";
				ENABLE_NS_ASSERTIONS = NO;
				ENABLE_STRICT_OBJC_MSGSEND = YES;
				ENABLE_USER_SCRIPT_SANDBOXING = YES;
				GCC_C_LANGUAGE_STANDARD = gnu17;
				GCC_NO_COMMON_BLOCKS = YES;
				GCC_WARN_64_TO_32_BIT_CONVERSION = YES;
				GCC_WARN_ABOUT_RETURN_TYPE = YES_ERROR;
				GCC_WARN_UNDECLARED_SELECTOR = YES;
				GCC_WARN_UNINITIALIZED_AUTOS = YES_AGGRESSIVE;
				GCC_WARN_UNUSED_FUNCTION = YES;
				GCC_WARN_UNUSED_VARIABLE = YES;
				IPHONEOS_DEPLOYMENT_TARGET = 18.4;
				LOCALIZATION_PREFERS_STRING_CATALOGS = YES;
				MTL_ENABLE_DEBUG_INFO = NO;
				MTL_FAST_MATH = YES;
				ONLY_ACTIVE_ARCH = NO;
				SDKROOT = iphoneos;
				STRING_CATALOG_GENERATE_SYMBOLS = YES;
				SWIFT_COMPILATION_MODE = wholemodule;
				SWIFT_VERSION = 6.0;
				VALIDATE_PRODUCT = YES;
			};
			name = Release;
		};
		8B41F6672DEDD0D6001A66F9 /* Debug */ = {
			isa = XCBuildConfiguration;
			baseConfigurationReferenceAnchor = 8BD71C052DEE41D800CEDD92 /* Config */;
			baseConfigurationReferenceRelativePath = Debug.xcconfig;
			buildSettings = {
				ASSETCATALOG_COMPILER_APPICON_NAME = AppIcon;
				ASSETCATALOG_COMPILER_GLOBAL_ACCENT_COLOR_NAME = AccentColor;
				CODE_SIGN_IDENTITY = "Apple Development";
				CODE_SIGN_STYLE = Automatic;
				COMPILATION_CACHE_ENABLE_CACHING = NO;
				DEVELOPMENT_TEAM = 8Z67H8Y8DW;
				ENABLE_PREVIEWS = YES;
				ENABLE_TESTABILITY = NO;
				GCC_PREPROCESSOR_DEFINITIONS = "";
				GENERATE_INFOPLIST_FILE = YES;
				INFOPLIST_KEY_CFBundleDisplayName = "Books Tracker";
				INFOPLIST_KEY_LSApplicationCategoryType = "public.app-category.productivity";
				INFOPLIST_KEY_NSCameraUsageDescription = "Used only for book discovery to add to library. Will read barcode for ISBN. Future state to use vision to locally read titles.";
				INFOPLIST_KEY_UIApplicationSceneManifest_Generation = YES;
				INFOPLIST_KEY_UIApplicationSupportsIndirectInputEvents = YES;
				INFOPLIST_KEY_UILaunchScreen_Generation = YES;
				INFOPLIST_KEY_UISupportedInterfaceOrientations = "UIInterfaceOrientationLandscapeRight UIInterfaceOrientationLandscapeLeft UIInterfaceOrientationPortrait";
				INFOPLIST_KEY_UISupportedInterfaceOrientations_iPad = "UIInterfaceOrientationLandscapeRight UIInterfaceOrientationLandscapeLeft UIInterfaceOrientationPortrait UIInterfaceOrientationPortraitUpsideDown";
				IPHONEOS_DEPLOYMENT_TARGET = 26.0;
				LD_RUNPATH_SEARCH_PATHS = (
					"$(inherited)",
					"@executable_path/Frameworks",
				);
				OTHER_CFLAGS = "";
				PROVISIONING_PROFILE_SPECIFIER = "";
				RESOURCES_TARGETED_DEVICE_FAMILY = "";
				SUPPORTED_PLATFORMS = "iphoneos iphonesimulator";
				SUPPORTS_MACCATALYST = NO;
				SUPPORTS_MAC_DESIGNED_FOR_IPHONE_IPAD = NO;
				SUPPORTS_XR_DESIGNED_FOR_IPHONE_IPAD = NO;
				SWIFT_EMIT_LOC_STRINGS = YES;
				SWIFT_VERSION = 6.0;
				TARGETED_DEVICE_FAMILY = "1,2";
			};
			name = Debug;
		};
		8B41F6682DEDD0D6001A66F9 /* Release */ = {
			isa = XCBuildConfiguration;
			baseConfigurationReferenceAnchor = 8BD71C052DEE41D800CEDD92 /* Config */;
			baseConfigurationReferenceRelativePath = Release.xcconfig;
			buildSettings = {
				ASSETCATALOG_COMPILER_APPICON_NAME = AppIcon;
				ASSETCATALOG_COMPILER_GLOBAL_ACCENT_COLOR_NAME = AccentColor;
				CODE_SIGN_IDENTITY = "Apple Development";
				CODE_SIGN_STYLE = Automatic;
				COMPILATION_CACHE_ENABLE_CACHING = NO;
				DEVELOPMENT_TEAM = 8Z67H8Y8DW;
				ENABLE_PREVIEWS = YES;
				GENERATE_INFOPLIST_FILE = YES;
				INFOPLIST_KEY_CFBundleDisplayName = "Books Tracker";
				INFOPLIST_KEY_LSApplicationCategoryType = "public.app-category.productivity";
				INFOPLIST_KEY_NSCameraUsageDescription = "Used only for book discovery to add to library. Will read barcode for ISBN. Future state to use vision to locally read titles.";
				INFOPLIST_KEY_UIApplicationSceneManifest_Generation = YES;
				INFOPLIST_KEY_UIApplicationSupportsIndirectInputEvents = YES;
				INFOPLIST_KEY_UILaunchScreen_Generation = YES;
				INFOPLIST_KEY_UISupportedInterfaceOrientations = "UIInterfaceOrientationLandscapeRight UIInterfaceOrientationLandscapeLeft UIInterfaceOrientationPortrait";
				INFOPLIST_KEY_UISupportedInterfaceOrientations_iPad = "UIInterfaceOrientationLandscapeRight UIInterfaceOrientationLandscapeLeft UIInterfaceOrientationPortrait UIInterfaceOrientationPortraitUpsideDown";
				IPHONEOS_DEPLOYMENT_TARGET = 26.0;
				LD_RUNPATH_SEARCH_PATHS = (
					"$(inherited)",
					"@executable_path/Frameworks",
				);
				OTHER_CFLAGS = "";
				PROVISIONING_PROFILE_SPECIFIER = "";
				RESOURCES_TARGETED_DEVICE_FAMILY = "";
				SUPPORTED_PLATFORMS = "iphoneos iphonesimulator";
				SUPPORTS_MACCATALYST = NO;
				SUPPORTS_MAC_DESIGNED_FOR_IPHONE_IPAD = NO;
				SUPPORTS_XR_DESIGNED_FOR_IPHONE_IPAD = NO;
				SWIFT_EMIT_LOC_STRINGS = YES;
				SWIFT_VERSION = 6.0;
				TARGETED_DEVICE_FAMILY = "1,2";
			};
			name = Release;
		};
		8B41F66D2DEDD0D6001A66F9 /* Debug */ = {
			isa = XCBuildConfiguration;
			baseConfigurationReferenceAnchor = 8BD71C052DEE41D800CEDD92 /* Config */;
			baseConfigurationReferenceRelativePath = Tests.xcconfig;
			buildSettings = {
				CODE_SIGN_STYLE = Automatic;
				GENERATE_INFOPLIST_FILE = YES;
				SWIFT_EMIT_LOC_STRINGS = NO;
				SWIFT_VERSION = 6.0;
				TARGETED_DEVICE_FAMILY = "1,2";
				TEST_TARGET_NAME = BooksTracker;
			};
			name = Debug;
		};
		8B41F66E2DEDD0D6001A66F9 /* Release */ = {
			isa = XCBuildConfiguration;
			baseConfigurationReferenceAnchor = 8BD71C052DEE41D800CEDD92 /* Config */;
			baseConfigurationReferenceRelativePath = Tests.xcconfig;
			buildSettings = {
				CODE_SIGN_STYLE = Automatic;
				GENERATE_INFOPLIST_FILE = YES;
				SWIFT_EMIT_LOC_STRINGS = NO;
				SWIFT_VERSION = 6.0;
				TARGETED_DEVICE_FAMILY = "1,2";
				TEST_TARGET_NAME = BooksTracker;
			};
			name = Release;
		};
/* End XCBuildConfiguration section */

/* Begin XCConfigurationList section */
		07A08D272E917C04009FD1E1 /* Build configuration list for PBXNativeTarget "BooksTrackerWidgetsExtension" */ = {
			isa = XCConfigurationList;
			buildConfigurations = (
				07A08D252E917C04009FD1E1 /* Debug */,
				07A08D262E917C04009FD1E1 /* Release */,
			);
			defaultConfigurationIsVisible = 0;
			defaultConfigurationName = Release;
		};
		8B41F6402DEDD0D5001A66F9 /* Build configuration list for PBXProject "BooksTracker" */ = {
			isa = XCConfigurationList;
			buildConfigurations = (
				8B41F6642DEDD0D6001A66F9 /* Debug */,
				8B41F6652DEDD0D6001A66F9 /* Release */,
			);
			defaultConfigurationIsVisible = 0;
			defaultConfigurationName = Release;
		};
		8B41F6662DEDD0D6001A66F9 /* Build configuration list for PBXNativeTarget "BooksTracker" */ = {
			isa = XCConfigurationList;
			buildConfigurations = (
				8B41F6672DEDD0D6001A66F9 /* Debug */,
				8B41F6682DEDD0D6001A66F9 /* Release */,
			);
			defaultConfigurationIsVisible = 0;
			defaultConfigurationName = Release;
		};
		8B41F66C2DEDD0D6001A66F9 /* Build configuration list for PBXNativeTarget "BooksTrackerUITests" */ = {
			isa = XCConfigurationList;
			buildConfigurations = (
				8B41F66D2DEDD0D6001A66F9 /* Debug */,
				8B41F66E2DEDD0D6001A66F9 /* Release */,
			);
			defaultConfigurationIsVisible = 0;
			defaultConfigurationName = Release;
		};
/* End XCConfigurationList section */

/* Begin XCSwiftPackageProductDependency section */
		07A08D292E917D00009FD1E1 /* BooksTrackerFeature */ = {
			isa = XCSwiftPackageProductDependency;
			productName = BooksTrackerFeature;
		};
		8B41F6822DEDD23B001A66F9 /* BooksTrackerFeature */ = {
			isa = XCSwiftPackageProductDependency;
			productName = BooksTrackerFeature;
		};
		8B41F6842DEDD25C001A66F9 /* BooksTrackerFeature */ = {
			isa = XCSwiftPackageProductDependency;
			productName = BooksTrackerFeature;
		};
/* End XCSwiftPackageProductDependency section */
	};
	rootObject = 8B41F63D2DEDD0D5001A66F9 /* Project object */;
}
